
Microsoft Visual Studio Solution File, Format Version 12.00
# Visual Studio 14
VisualStudioVersion = 14.0.24720.0
MinimumVisualStudioVersion = 10.0.40219.1
Project("{FAE04EC0-301F-11D3-BF4B-00C04F79EFBC}") = "Logic.Gate.Simulator.Core", "Logic.Gate.Simulator.Core\Logic.Gate.Simulator.Core.csproj", "{6956DF8F-FFE6-4FAC-8DF9-7A328437225A}"
EndProject
Global
	GlobalSection(SolutionConfigurationPlatforms) = preSolution
		Debug|Any CPU = Debug|Any CPU
		Release|Any CPU = Release|Any CPU
	EndGlobalSection
	GlobalSection(ProjectConfigurationPlatforms) = postSolution
		{6956DF8F-FFE6-4FAC-8DF9-7A328437225A}.Debug|Any CPU.ActiveCfg = Debug|Any CPU
		{6956DF8F-FFE6-4FAC-8DF9-7A328437225A}.Debug|Any CPU.Build.0 = Debug|Any CPU
		{6956DF8F-FFE6-4FAC-8DF9-7A328437225A}.Release|Any CPU.ActiveCfg = Release|Any CPU
		{6956DF8F-FFE6-4FAC-8DF9-7A328437225A}.Release|Any CPU.Build.0 = Release|Any CPU
	EndGlobalSection
	GlobalSection(SolutionProperties) = preSolution
		HideSolutionNode = FALSE
	EndGlobalSection
EndGlobal
